{
  "nodes": {
    "nixpkgs": {
      "locked": {
        "lastModified": 1774466720,
        "narHash": "sha256-d+zwijLgH+7HVE3HAjERIV3mGUVuLw7FcXh+o28TlIM=",
        "owner": "nixos",
        "repo": "nixpkgs",
        "rev": "4b9fa2dfde865a732db679288601455b857396ff",
        "type": "github"
      },
      "original": {
        "owner": "nixos",
        "ref": "nixos-unstable-small",
        "repo": "nixpkgs",
        "type": "github"
      }
    },
    "root": {
      "inputs": {
        "nixpkgs": "nixpkgs",
        "systems": "systems"
      }
    },
    "systems": {
      "locked": {
        "lastModified": 1681028828,
        "narHash": "sha256-Vy1rq5AaRuLzOxct8nz4T6wlgyUR7zLU309k9mBC768=",
        "owner": "nix-systems",
        "repo": "default",
        "rev": "da67096a3b9bf56a91d16901293e51ba5b49a27e",
        "type": "github"
      },
      "original": {
        "owner": "nix-systems",
        "repo": "default",
        "type": "github"
      }
    }
  },
  "root": "root",
  "version": 7
}
