# This file is automatically @generated by Cargo.
# It is not intended for manual editing.
version = 3

[[package]]
name = "alejandra"
version = "3.0.0"
dependencies = [
 "mimalloc",
 "rnix",
 "rowan 0.12.6",
]

[[package]]
name = "alejandra_front"
version = "3.0.0"
dependencies = [
 "alejandra",
 "console_error_panic_hook",
 "wasm-bindgen",
]

[[package]]
name = "autocfg"
version = "1.1.0"
source = "registry+https://github.com/rust-lang/crates.io-index"
checksum = "d468802bab17cbc0cc575e9b053f41e72aa36bfa6b7f55e3529ffa43161b97fa"

[[package]]
name = "bumpalo"
version = "3.11.1"
source = "registry+https://github.com/rust-lang/crates.io-index"
checksum = "572f695136211188308f16ad2ca5c851a712c464060ae6974944458eb83880ba"
<<<<<<< HEAD
=======

[[package]]
name = "cbitset"
version = "0.2.0"
source = "registry+https://github.com/rust-lang/crates.io-index"
checksum = "29b6ad25ae296159fb0da12b970b2fe179b234584d7cd294c891e2bbb284466b"
dependencies = [
 "num-traits",
]
>>>>>>> f11979d (feat: upgrade dependencies)

[[package]]
name = "cc"
version = "1.0.76"
source = "registry+https://github.com/rust-lang/crates.io-index"
checksum = "76a284da2e6fe2092f2353e51713435363112dfd60030e22add80be333fb928f"

[[package]]
name = "cfg-if"
version = "1.0.0"
source = "registry+https://github.com/rust-lang/crates.io-index"
checksum = "baf1de4339761588bc0619e3cbc0120ee582ebb74b53b4efbf79117bd2da40fd"

[[package]]
name = "console_error_panic_hook"
version = "0.1.7"
source = "registry+https://github.com/rust-lang/crates.io-index"
checksum = "a06aeb73f470f66dcdbf7223caeebb85984942f22f1adb2a088cf9668146bbbc"
dependencies = [
 "cfg-if",
 "wasm-bindgen",
]

[[package]]
name = "countme"
version = "2.0.4"
source = "registry+https://github.com/rust-lang/crates.io-index"
checksum = "328b822bdcba4d4e402be8d9adb6eebf269f969f8eadef977a553ff3c4fbcb58"

[[package]]
name = "countme"
version = "3.0.1"
source = "registry+https://github.com/rust-lang/crates.io-index"
checksum = "7704b5fdd17b18ae31c4c1da5a2e0305a2bf17b5249300a9ee9ed7b72114c636"

[[package]]
name = "hashbrown"
version = "0.9.1"
source = "registry+https://github.com/rust-lang/crates.io-index"
checksum = "d7afe4a420e3fe79967a00898cc1f4db7c8a49a9333a29f8a4bd76a253d5cd04"

[[package]]
<<<<<<< HEAD
name = "hashbrown"
version = "0.12.3"
source = "registry+https://github.com/rust-lang/crates.io-index"
checksum = "8a9ee70c43aaf417c914396645a0fa852624801b24ebb7ae78fe8272889ac888"

[[package]]
=======
>>>>>>> f11979d (feat: upgrade dependencies)
name = "libmimalloc-sys"
version = "0.1.27"
source = "registry+https://github.com/rust-lang/crates.io-index"
checksum = "c37567b180c1af25924b303ddf1ee4467653783440c62360beb2b322a4d93361"
dependencies = [
 "cc",
]

[[package]]
name = "log"
version = "0.4.17"
source = "registry+https://github.com/rust-lang/crates.io-index"
checksum = "abb12e687cfb44aa40f41fc3978ef76448f9b6038cad6aef4259d3c095a2382e"
dependencies = [
 "cfg-if",
]

[[package]]
name = "memoffset"
version = "0.6.5"
source = "registry+https://github.com/rust-lang/crates.io-index"
checksum = "5aa361d4faea93603064a027415f07bd8e1d5c88c9fbf68bf56a285428fd79ce"
dependencies = [
 "autocfg",
]

[[package]]
name = "mimalloc"
version = "0.1.31"
source = "registry+https://github.com/rust-lang/crates.io-index"
checksum = "b32d6a9ac92d0239d7bfa31137fb47634ac7272a3c11bcee91379ac100781670"
dependencies = [
 "libmimalloc-sys",
]

[[package]]
name = "once_cell"
version = "1.16.0"
source = "registry+https://github.com/rust-lang/crates.io-index"
checksum = "86f0b0d4bf799edbc74508c1e8bf170ff5f41238e5f8225603ca7caaae2b7860"

[[package]]
name = "proc-macro2"
version = "1.0.47"
source = "registry+https://github.com/rust-lang/crates.io-index"
checksum = "5ea3d908b0e36316caf9e9e2c4625cdde190a7e6f440d794667ed17a1855e725"
dependencies = [
 "unicode-ident",
]

[[package]]
name = "quote"
version = "1.0.21"
source = "registry+https://github.com/rust-lang/crates.io-index"
checksum = "bbe448f377a7d6961e30f5955f9b8d106c3f5e449d493ee1b125c1d43c2b5179"
dependencies = [
 "proc-macro2",
]

[[package]]
name = "rnix"
version = "0.11.0"
source = "registry+https://github.com/rust-lang/crates.io-index"
checksum = "bb35cedbeb70e0ccabef2a31bcff0aebd114f19566086300b8f42c725fc2cb5f"
dependencies = [
 "rowan 0.15.10",
]

[[package]]
name = "rowan"
version = "0.12.6"
source = "registry+https://github.com/rust-lang/crates.io-index"
checksum = "a1b36e449f3702f3b0c821411db1cbdf30fb451726a9456dce5dabcd44420043"
dependencies = [
 "countme 2.0.4",
 "hashbrown 0.9.1",
 "memoffset",
 "rustc-hash",
 "text-size",
]

[[package]]
name = "rowan"
version = "0.15.10"
source = "registry+https://github.com/rust-lang/crates.io-index"
checksum = "5811547e7ba31e903fe48c8ceab10d40d70a101f3d15523c847cce91aa71f332"
dependencies = [
 "countme 3.0.1",
 "hashbrown 0.12.3",
 "memoffset",
 "rustc-hash",
 "text-size",
]

[[package]]
name = "rustc-hash"
version = "1.1.0"
source = "registry+https://github.com/rust-lang/crates.io-index"
checksum = "08d43f7aa6b08d49f382cde6a7982047c3426db949b1424bc4b7ec9ae12c6ce2"

[[package]]
<<<<<<< HEAD
=======
name = "serde"
version = "1.0.147"
source = "registry+https://github.com/rust-lang/crates.io-index"
checksum = "d193d69bae983fc11a79df82342761dfbf28a99fc8d203dca4c3c1b590948965"

[[package]]
name = "smol_str"
version = "0.1.23"
source = "registry+https://github.com/rust-lang/crates.io-index"
checksum = "7475118a28b7e3a2e157ce0131ba8c5526ea96e90ee601d9f6bb2e286a35ab44"
dependencies = [
 "serde",
]

[[package]]
>>>>>>> f11979d (feat: upgrade dependencies)
name = "syn"
version = "1.0.103"
source = "registry+https://github.com/rust-lang/crates.io-index"
checksum = "a864042229133ada95abf3b54fdc62ef5ccabe9515b64717bcb9a1919e59445d"
dependencies = [
 "proc-macro2",
 "quote",
 "unicode-ident",
]

[[package]]
name = "text-size"
version = "1.1.0"
source = "registry+https://github.com/rust-lang/crates.io-index"
checksum = "288cb548dbe72b652243ea797201f3d481a0609a967980fcc5b2315ea811560a"

[[package]]
name = "unicode-ident"
version = "1.0.5"
source = "registry+https://github.com/rust-lang/crates.io-index"
checksum = "6ceab39d59e4c9499d4e5a8ee0e2735b891bb7308ac83dfb4e80cad195c9f6f3"

[[package]]
name = "wasm-bindgen"
version = "0.2.83"
source = "registry+https://github.com/rust-lang/crates.io-index"
checksum = "eaf9f5aceeec8be17c128b2e93e031fb8a4d469bb9c4ae2d7dc1888b26887268"
dependencies = [
 "cfg-if",
 "wasm-bindgen-macro",
]

[[package]]
name = "wasm-bindgen-backend"
version = "0.2.83"
source = "registry+https://github.com/rust-lang/crates.io-index"
checksum = "4c8ffb332579b0557b52d268b91feab8df3615f265d5270fec2a8c95b17c1142"
dependencies = [
 "bumpalo",
 "log",
 "once_cell",
 "proc-macro2",
 "quote",
 "syn",
 "wasm-bindgen-shared",
]

[[package]]
name = "wasm-bindgen-macro"
version = "0.2.83"
source = "registry+https://github.com/rust-lang/crates.io-index"
checksum = "052be0f94026e6cbc75cdefc9bae13fd6052cdcaf532fa6c45e7ae33a1e6c810"
dependencies = [
 "quote",
 "wasm-bindgen-macro-support",
]

[[package]]
name = "wasm-bindgen-macro-support"
version = "0.2.83"
source = "registry+https://github.com/rust-lang/crates.io-index"
checksum = "07bc0c051dc5f23e307b13285f9d75df86bfdf816c5721e573dec1f9b8aa193c"
dependencies = [
 "proc-macro2",
 "quote",
 "syn",
 "wasm-bindgen-backend",
 "wasm-bindgen-shared",
]

[[package]]
name = "wasm-bindgen-shared"
version = "0.2.83"
source = "registry+https://github.com/rust-lang/crates.io-index"
checksum = "1c38c045535d93ec4f0b4defec448e4291638ee608530863b1e2ba115d4fff7f"
