{
  "nodes": {
    "fenix": {
      "inputs": {
        "nixpkgs": [
          "nixpkgs"
        ],
        "rust-analyzer-src": "rust-analyzer-src"
      },
      "locked": {
        "lastModified": 1645165506,
        "narHash": "sha256-PClhTeC1EhkHUQQmP9XyiR7y1d6hlEc7QY8nN1GuAzQ=",
        "owner": "nix-community",
        "repo": "fenix",
        "rev": "380b82e3d3381b32f11dfe024cb7d135e36d0168",
        "type": "github"
      },
      "original": {
        "owner": "nix-community",
        "repo": "fenix",
        "type": "github"
      }
    },
    "nixpkgs": {
      "locked": {
        "lastModified": 1644972330,
        "narHash": "sha256-6V2JFpTUzB9G+KcqtUR1yl7f6rd9495YrFECslEmbGw=",
        "owner": "nixos",
        "repo": "nixpkgs",
        "rev": "19574af0af3ffaf7c9e359744ed32556f34536bd",
        "type": "github"
      },
      "original": {
        "owner": "nixos",
        "ref": "nixpkgs-unstable",
        "repo": "nixpkgs",
        "type": "github"
      }
    },
    "root": {
      "inputs": {
        "fenix": "fenix",
        "nixpkgs": "nixpkgs"
      }
    },
    "rust-analyzer-src": {
      "flake": false,
      "locked": {
        "lastModified": 1645024434,
        "narHash": "sha256-ZYwqOkx9MYKmbuqkLJdRhIn7IghMRclbUzxJgR7OOhA=",
        "owner": "rust-analyzer",
        "repo": "rust-analyzer",
        "rev": "89faff7477e904f6820990f130a3aed72c1d7e6b",
        "type": "github"
      },
      "original": {
        "owner": "rust-analyzer",
        "ref": "nightly",
        "repo": "rust-analyzer",
        "type": "github"
      }
    }
  },
  "root": "root",
  "version": 7
}
