{
  "nodes": {
    "fenix": {
      "inputs": {
        "nixpkgs": [
          "nixpkgs"
        ],
        "rust-analyzer-src": "rust-analyzer-src"
      },
      "locked": {
        "lastModified": 1645770291,
        "narHash": "sha256-G+1P64m2mDaP8El14Xh0lX4dJG0ANQQbxsjzTJ6Cz1Y=",
        "owner": "nix-community",
        "repo": "fenix",
        "rev": "89ac7f1e75cd2edd38cb5a876e6587b79f01c17a",
        "type": "github"
      },
      "original": {
        "owner": "nix-community",
        "repo": "fenix",
        "type": "github"
      }
    },
    "nixpkgs": {
      "locked": {
        "lastModified": 1645623357,
        "narHash": "sha256-vAaI91QFn/kY/uMiebW+kG2mPmxirMSJWYtkqkBKdDc=",
        "owner": "nixos",
        "repo": "nixpkgs",
        "rev": "9222ae36b208d1c6b55d88e10aa68f969b5b5244",
        "type": "github"
      },
      "original": {
        "owner": "nixos",
        "ref": "nixpkgs-unstable",
        "repo": "nixpkgs",
        "type": "github"
      }
    },
    "root": {
      "inputs": {
        "fenix": "fenix",
        "nixpkgs": "nixpkgs"
      }
    },
    "rust-analyzer-src": {
      "flake": false,
      "locked": {
        "lastModified": 1645736367,
        "narHash": "sha256-NTGvCNdZyRwa8gOnNNqGVhcBUhA7RAS31/cCoTw75iw=",
        "owner": "rust-analyzer",
        "repo": "rust-analyzer",
        "rev": "f6901c952ec3847ca522c69d4c854e9e0e51d5fe",
        "type": "github"
      },
      "original": {
        "owner": "rust-analyzer",
        "ref": "nightly",
        "repo": "rust-analyzer",
        "type": "github"
      }
    }
  },
  "root": "root",
  "version": 7
}
