{
  "nodes": {
    "fenix": {
      "inputs": {
        "nixpkgs": [
          "nixpkgs"
        ],
        "rust-analyzer-src": "rust-analyzer-src"
      },
      "locked": {
        "lastModified": 1648275890,
        "narHash": "sha256-npaWUoxgXZ4VODT18J6oKopZszsbCXzbbic2569si+M=",
        "owner": "nix-community",
        "repo": "fenix",
        "rev": "7a6178fd9e9f8c1df931740bb5ca33acfcc01b7d",
        "type": "github"
      },
      "original": {
        "owner": "nix-community",
        "repo": "fenix",
        "type": "github"
      }
    },
    "nixpkgs": {
      "locked": {
        "lastModified": 1652073560,
        "narHash": "sha256-WigD7BFlm4Wr12ujm9HE7yH3U3LWtfoGu3im6EAu9RE=",
        "owner": "nixos",
        "repo": "nixpkgs",
        "rev": "43c99bebdab0ed66de2c4264e48b25999c2d9573",
        "type": "github"
      },
      "original": {
        "owner": "nixos",
        "ref": "nixos-unstable-small",
        "repo": "nixpkgs",
        "type": "github"
      }
    },
    "root": {
      "inputs": {
        "fenix": "fenix",
        "nixpkgs": "nixpkgs"
      }
    },
    "rust-analyzer-src": {
      "flake": false,
      "locked": {
        "lastModified": 1648248375,
        "narHash": "sha256-Oa3l2LIyqAqOZRf5tPNzWsDLl3NcWmcsz42MOnbAVTE=",
        "owner": "rust-analyzer",
        "repo": "rust-analyzer",
        "rev": "e30747dfa885d3e4e4cd0b5efcd740ea037a524c",
        "type": "github"
      },
      "original": {
        "owner": "rust-analyzer",
        "ref": "nightly",
        "repo": "rust-analyzer",
        "type": "github"
      }
    }
  },
  "root": "root",
  "version": 7
}
